
Microsoft Visual Studio Solution File, Format Version 12.00
# Visual Studio Version 17
VisualStudioVersion = 17.5.33424.131
MinimumVisualStudioVersion = 10.0.40219.1
Project("{FAE04EC0-301F-11D3-BF4B-00C04F79EFBC}") = "SistemadeReservas.EntiadadesDeNegocio", "SistemadeReservas.EntiadadesDeNegocio\SistemadeReservas.EntiadadesDeNegocio.csproj", "{23755D09-B76D-46AB-80E6-2A84E5773D89}"
EndProject
Project("{FAE04EC0-301F-11D3-BF4B-00C04F79EFBC}") = "SistemadeReservas.LogicaDeNenegocio", "SistemadeReservas.LogicaDeNenegocio\SistemadeReservas.LogicaDeNenegocio.csproj", "{7653EBD6-5704-4EA7-A712-E48EA067576C}"
EndProject
Project("{FAE04EC0-301F-11D3-BF4B-00C04F79EFBC}") = "SistemadeReservas.AccesoADatos", "SistemadeReservas.AccesoADatos\SistemadeReservas.AccesoADatos.csproj", "{0B40C411-09CB-4D8D-9FE5-AAA54943EA4B}"
EndProject
Project("{FAE04EC0-301F-11D3-BF4B-00C04F79EFBC}") = "SistemadeReservas.PruebasUnitarias", "SistemadeReservas.PruebasUnitarias\SistemadeReservas.PruebasUnitarias.csproj", "{075DD3FC-65CD-415B-A4E4-6CE06781EED0}"
EndProject
Project("{FAE04EC0-301F-11D3-BF4B-00C04F79EFBC}") = "SistemadeReservas.WebAPI", "SistemadeReservas.WebAPI\SistemadeReservas.WebAPI.csproj", "{0F4BB207-0852-4542-9B35-7DDAF74B73CD}"
EndProject
Global
	GlobalSection(SolutionConfigurationPlatforms) = preSolution
		Debug|Any CPU = Debug|Any CPU
		Release|Any CPU = Release|Any CPU
	EndGlobalSection
	GlobalSection(ProjectConfigurationPlatforms) = postSolution
		{23755D09-B76D-46AB-80E6-2A84E5773D89}.Debug|Any CPU.ActiveCfg = Debug|Any CPU
		{23755D09-B76D-46AB-80E6-2A84E5773D89}.Debug|Any CPU.Build.0 = Debug|Any CPU
		{23755D09-B76D-46AB-80E6-2A84E5773D89}.Release|Any CPU.ActiveCfg = Release|Any CPU
		{23755D09-B76D-46AB-80E6-2A84E5773D89}.Release|Any CPU.Build.0 = Release|Any CPU
		{7653EBD6-5704-4EA7-A712-E48EA067576C}.Debug|Any CPU.ActiveCfg = Debug|Any CPU
		{7653EBD6-5704-4EA7-A712-E48EA067576C}.Debug|Any CPU.Build.0 = Debug|Any CPU
		{7653EBD6-5704-4EA7-A712-E48EA067576C}.Release|Any CPU.ActiveCfg = Release|Any CPU
		{7653EBD6-5704-4EA7-A712-E48EA067576C}.Release|Any CPU.Build.0 = Release|Any CPU
		{0B40C411-09CB-4D8D-9FE5-AAA54943EA4B}.Debug|Any CPU.ActiveCfg = Debug|Any CPU
		{0B40C411-09CB-4D8D-9FE5-AAA54943EA4B}.Debug|Any CPU.Build.0 = Debug|Any CPU
		{0B40C411-09CB-4D8D-9FE5-AAA54943EA4B}.Release|Any CPU.ActiveCfg = Release|Any CPU
		{0B40C411-09CB-4D8D-9FE5-AAA54943EA4B}.Release|Any CPU.Build.0 = Release|Any CPU
		{075DD3FC-65CD-415B-A4E4-6CE06781EED0}.Debug|Any CPU.ActiveCfg = Debug|Any CPU
		{075DD3FC-65CD-415B-A4E4-6CE06781EED0}.Debug|Any CPU.Build.0 = Debug|Any CPU
		{075DD3FC-65CD-415B-A4E4-6CE06781EED0}.Release|Any CPU.ActiveCfg = Release|Any CPU
		{075DD3FC-65CD-415B-A4E4-6CE06781EED0}.Release|Any CPU.Build.0 = Release|Any CPU
		{0F4BB207-0852-4542-9B35-7DDAF74B73CD}.Debug|Any CPU.ActiveCfg = Debug|Any CPU
		{0F4BB207-0852-4542-9B35-7DDAF74B73CD}.Debug|Any CPU.Build.0 = Debug|Any CPU
		{0F4BB207-0852-4542-9B35-7DDAF74B73CD}.Release|Any CPU.ActiveCfg = Release|Any CPU
		{0F4BB207-0852-4542-9B35-7DDAF74B73CD}.Release|Any CPU.Build.0 = Release|Any CPU
	EndGlobalSection
	GlobalSection(SolutionProperties) = preSolution
		HideSolutionNode = FALSE
	EndGlobalSection
	GlobalSection(ExtensibilityGlobals) = postSolution
		SolutionGuid = {D6361A6F-0E25-422E-B8AB-3B9DC0BE3B66}
	EndGlobalSection
EndGlobal
